
Microsoft Visual Studio Solution File, Format Version 12.00
# Visual Studio Version 17
VisualStudioVersion = 17.9.34728.123
MinimumVisualStudioVersion = 10.0.40219.1
Project("{2150E333-8FDC-42A3-9474-1A3956D46DE8}") = "API", "API", "{877F7FC4-2DE3-4EE7-A796-A0878B56069B}"
EndProject
Project("{2150E333-8FDC-42A3-9474-1A3956D46DE8}") = "FrontEndApp_V2", "FrontEndApp_V2", "{3766879F-7240-416D-A83B-8902C86444EA}"
EndProject
Project("{2150E333-8FDC-42A3-9474-1A3956D46DE8}") = "WebApp", "WebApp", "{B027D5AA-D092-4BB8-A8CE-A5B69C35D4DE}"
EndProject
Project("{2150E333-8FDC-42A3-9474-1A3956D46DE8}") = "MobileApp", "MobileApp", "{A8B44FBF-C295-4FEB-9984-D81DDAE86A07}"
EndProject
Project("{2150E333-8FDC-42A3-9474-1A3956D46DE8}") = "Shared", "Shared", "{7C452D42-4F3A-422B-84CD-8D6AC64FA509}"
EndProject
Project("{2150E333-8FDC-42A3-9474-1A3956D46DE8}") = "BackEndApp", "BackEndApp", "{5940487F-775B-4BE2-A648-69B15F11FEF1}"
EndProject
Project("{2150E333-8FDC-42A3-9474-1A3956D46DE8}") = "FrontEndApp_V1", "FrontEndApp_V1", "{ACA3B111-ED8B-4B38-91FF-D006B45498C5}"
EndProject
Project("{2150E333-8FDC-42A3-9474-1A3956D46DE8}") = "MobileApp", "MobileApp", "{98829D3F-1097-443F-B3B2-2DA112EF6DB0}"
EndProject
Project("{2150E333-8FDC-42A3-9474-1A3956D46DE8}") = "Shared", "Shared", "{E4BE0812-FACF-444A-9267-33037DB271BB}"
EndProject
Project("{2150E333-8FDC-42A3-9474-1A3956D46DE8}") = "WebApp", "WebApp", "{53385E53-5A8F-447B-A4C3-DC664CD8B544}"
EndProject
Project("{9A19103F-16F7-4668-BE54-9A1E7A4F7556}") = "TriWallApp", "FrontEnd\V2\TriWallApp\TriWallApp.csproj", "{970919D0-E6AB-47BB-AA15-0DD54846F52A}"
EndProject
Project("{9A19103F-16F7-4668-BE54-9A1E7A4F7556}") = "Tri_Wall.Shared", "FrontEnd\V2\Tri_Wall.Shared\Tri_Wall.Shared.csproj", "{A01B9065-862A-4D04-BA06-262A7BF09BB1}"
EndProject
Project("{9A19103F-16F7-4668-BE54-9A1E7A4F7556}") = "Tri_Wall.WebApp.Server", "FrontEnd\V2\Tri_Wall.WebApp.Server\Tri_Wall.WebApp.Server\Tri_Wall.WebApp.Server.csproj", "{B5AFA268-446B-4E3D-81C3-E301BE0FE0B1}"
EndProject
Project("{9A19103F-16F7-4668-BE54-9A1E7A4F7556}") = "Tri_Wall.WebApp.Client", "FrontEnd\V2\Tri_Wall.WebApp.Server\Tri_Wall.WebApp.Server.Client\Tri_Wall.WebApp.Client.csproj", "{1712FBB2-28DC-4935-B292-163BE228F3F6}"
EndProject
Project("{9A19103F-16F7-4668-BE54-9A1E7A4F7556}") = "Tri_Wall.Api", "API\Tri-Wall.Api\Tri_Wall.Api.csproj", "{46A88A82-E497-4488-A921-E798CAF60B6F}"
EndProject
Project("{9A19103F-16F7-4668-BE54-9A1E7A4F7556}") = "Tri_Wall.Application", "API\Tri-Wall.Application\Tri_Wall.Application.csproj", "{5EDBA195-3323-4D32-B374-AA2DCD4DA350}"
EndProject
Project("{9A19103F-16F7-4668-BE54-9A1E7A4F7556}") = "Tri_Wall.Domain", "API\Tri-Wall.Domain\Tri_Wall.Domain.csproj", "{9CB42922-B81B-418C-B3FA-60AF3FC1BF78}"
EndProject
Project("{9A19103F-16F7-4668-BE54-9A1E7A4F7556}") = "Tri_Wall.Infrastructure", "API\Tri-Wall.Infrastructure\Tri_Wall.Infrastructure.csproj", "{86AD8E8C-CB6E-4417-8D39-3C90C1EBB518}"
EndProject
Global
	GlobalSection(SolutionConfigurationPlatforms) = preSolution
		Debug|Any CPU = Debug|Any CPU
		Release|Any CPU = Release|Any CPU
	EndGlobalSection
	GlobalSection(ProjectConfigurationPlatforms) = postSolution
		{970919D0-E6AB-47BB-AA15-0DD54846F52A}.Debug|Any CPU.ActiveCfg = Debug|Any CPU
		{970919D0-E6AB-47BB-AA15-0DD54846F52A}.Debug|Any CPU.Build.0 = Debug|Any CPU
		{970919D0-E6AB-47BB-AA15-0DD54846F52A}.Debug|Any CPU.Deploy.0 = Debug|Any CPU
		{970919D0-E6AB-47BB-AA15-0DD54846F52A}.Release|Any CPU.ActiveCfg = Release|Any CPU
		{970919D0-E6AB-47BB-AA15-0DD54846F52A}.Release|Any CPU.Build.0 = Release|Any CPU
		{970919D0-E6AB-47BB-AA15-0DD54846F52A}.Release|Any CPU.Deploy.0 = Release|Any CPU
		{A01B9065-862A-4D04-BA06-262A7BF09BB1}.Debug|Any CPU.ActiveCfg = Debug|Any CPU
		{A01B9065-862A-4D04-BA06-262A7BF09BB1}.Debug|Any CPU.Build.0 = Debug|Any CPU
		{A01B9065-862A-4D04-BA06-262A7BF09BB1}.Release|Any CPU.ActiveCfg = Release|Any CPU
		{A01B9065-862A-4D04-BA06-262A7BF09BB1}.Release|Any CPU.Build.0 = Release|Any CPU
		{B5AFA268-446B-4E3D-81C3-E301BE0FE0B1}.Debug|Any CPU.ActiveCfg = Debug|Any CPU
		{B5AFA268-446B-4E3D-81C3-E301BE0FE0B1}.Debug|Any CPU.Build.0 = Debug|Any CPU
		{B5AFA268-446B-4E3D-81C3-E301BE0FE0B1}.Release|Any CPU.ActiveCfg = Release|Any CPU
		{B5AFA268-446B-4E3D-81C3-E301BE0FE0B1}.Release|Any CPU.Build.0 = Release|Any CPU
		{1712FBB2-28DC-4935-B292-163BE228F3F6}.Debug|Any CPU.ActiveCfg = Debug|Any CPU
		{1712FBB2-28DC-4935-B292-163BE228F3F6}.Debug|Any CPU.Build.0 = Debug|Any CPU
		{1712FBB2-28DC-4935-B292-163BE228F3F6}.Release|Any CPU.ActiveCfg = Release|Any CPU
		{1712FBB2-28DC-4935-B292-163BE228F3F6}.Release|Any CPU.Build.0 = Release|Any CPU
		{46A88A82-E497-4488-A921-E798CAF60B6F}.Debug|Any CPU.ActiveCfg = Debug|Any CPU
		{46A88A82-E497-4488-A921-E798CAF60B6F}.Debug|Any CPU.Build.0 = Debug|Any CPU
		{46A88A82-E497-4488-A921-E798CAF60B6F}.Release|Any CPU.ActiveCfg = Release|Any CPU
		{46A88A82-E497-4488-A921-E798CAF60B6F}.Release|Any CPU.Build.0 = Release|Any CPU
		{5EDBA195-3323-4D32-B374-AA2DCD4DA350}.Debug|Any CPU.ActiveCfg = Debug|Any CPU
		{5EDBA195-3323-4D32-B374-AA2DCD4DA350}.Debug|Any CPU.Build.0 = Debug|Any CPU
		{5EDBA195-3323-4D32-B374-AA2DCD4DA350}.Release|Any CPU.ActiveCfg = Release|Any CPU
		{5EDBA195-3323-4D32-B374-AA2DCD4DA350}.Release|Any CPU.Build.0 = Release|Any CPU
		{9CB42922-B81B-418C-B3FA-60AF3FC1BF78}.Debug|Any CPU.ActiveCfg = Debug|Any CPU
		{9CB42922-B81B-418C-B3FA-60AF3FC1BF78}.Debug|Any CPU.Build.0 = Debug|Any CPU
		{9CB42922-B81B-418C-B3FA-60AF3FC1BF78}.Release|Any CPU.ActiveCfg = Release|Any CPU
		{9CB42922-B81B-418C-B3FA-60AF3FC1BF78}.Release|Any CPU.Build.0 = Release|Any CPU
		{86AD8E8C-CB6E-4417-8D39-3C90C1EBB518}.Debug|Any CPU.ActiveCfg = Debug|Any CPU
		{86AD8E8C-CB6E-4417-8D39-3C90C1EBB518}.Debug|Any CPU.Build.0 = Debug|Any CPU
		{86AD8E8C-CB6E-4417-8D39-3C90C1EBB518}.Release|Any CPU.ActiveCfg = Release|Any CPU
		{86AD8E8C-CB6E-4417-8D39-3C90C1EBB518}.Release|Any CPU.Build.0 = Release|Any CPU
	EndGlobalSection
	GlobalSection(SolutionProperties) = preSolution
		HideSolutionNode = FALSE
	EndGlobalSection
	GlobalSection(NestedProjects) = preSolution
		{877F7FC4-2DE3-4EE7-A796-A0878B56069B} = {5940487F-775B-4BE2-A648-69B15F11FEF1}
		{B027D5AA-D092-4BB8-A8CE-A5B69C35D4DE} = {3766879F-7240-416D-A83B-8902C86444EA}
		{A8B44FBF-C295-4FEB-9984-D81DDAE86A07} = {3766879F-7240-416D-A83B-8902C86444EA}
		{7C452D42-4F3A-422B-84CD-8D6AC64FA509} = {3766879F-7240-416D-A83B-8902C86444EA}
		{98829D3F-1097-443F-B3B2-2DA112EF6DB0} = {ACA3B111-ED8B-4B38-91FF-D006B45498C5}
		{E4BE0812-FACF-444A-9267-33037DB271BB} = {ACA3B111-ED8B-4B38-91FF-D006B45498C5}
		{53385E53-5A8F-447B-A4C3-DC664CD8B544} = {ACA3B111-ED8B-4B38-91FF-D006B45498C5}
		{970919D0-E6AB-47BB-AA15-0DD54846F52A} = {A8B44FBF-C295-4FEB-9984-D81DDAE86A07}
		{A01B9065-862A-4D04-BA06-262A7BF09BB1} = {7C452D42-4F3A-422B-84CD-8D6AC64FA509}
		{B5AFA268-446B-4E3D-81C3-E301BE0FE0B1} = {B027D5AA-D092-4BB8-A8CE-A5B69C35D4DE}
		{1712FBB2-28DC-4935-B292-163BE228F3F6} = {B027D5AA-D092-4BB8-A8CE-A5B69C35D4DE}
		{46A88A82-E497-4488-A921-E798CAF60B6F} = {877F7FC4-2DE3-4EE7-A796-A0878B56069B}
		{5EDBA195-3323-4D32-B374-AA2DCD4DA350} = {877F7FC4-2DE3-4EE7-A796-A0878B56069B}
		{9CB42922-B81B-418C-B3FA-60AF3FC1BF78} = {877F7FC4-2DE3-4EE7-A796-A0878B56069B}
		{86AD8E8C-CB6E-4417-8D39-3C90C1EBB518} = {877F7FC4-2DE3-4EE7-A796-A0878B56069B}
	EndGlobalSection
	GlobalSection(ExtensibilityGlobals) = postSolution
		SolutionGuid = {CDE2C3B7-8256-4E7C-8718-081888F37065}
	EndGlobalSection
EndGlobal
