
Microsoft Visual Studio Solution File, Format Version 12.00
# Visual Studio Version 17
VisualStudioVersion = 17.9.34728.123
MinimumVisualStudioVersion = 10.0.40219.1
Project("{9A19103F-16F7-4668-BE54-9A1E7A4F7556}") = "Tri_Wall.API", "Tri-Wall.API\Tri_Wall.API.csproj", "{DAD9BDB7-883E-4FC6-963A-E377D5BBA6E8}"
EndProject
Project("{2150E333-8FDC-42A3-9474-1A3956D46DE8}") = "API", "API", "{877F7FC4-2DE3-4EE7-A796-A0878B56069B}"
EndProject
Project("{9A19103F-16F7-4668-BE54-9A1E7A4F7556}") = "Tri_Wall.Application", "Tri-Wall.Application\Tri_Wall.Application.csproj", "{A82042C7-707F-4726-B671-EAFF1FD8F191}"
EndProject
Project("{9A19103F-16F7-4668-BE54-9A1E7A4F7556}") = "Tri_Wall.Domain", "Tri-Wall.Domain\Tri_Wall.Domain.csproj", "{12E997C7-8051-4236-967F-886D2D13AA67}"
EndProject
Project("{9A19103F-16F7-4668-BE54-9A1E7A4F7556}") = "Tri_Wall.Infrastructure", "Tri-Wall.Infrastructure\Tri_Wall.Infrastructure.csproj", "{AA4C920A-B887-4A2F-9C00-121B066B2F9E}"
EndProject
Project("{9A19103F-16F7-4668-BE54-9A1E7A4F7556}") = "Tri_Wall.Contracts", "Tri-Wall.Contracts\Tri_Wall.Contracts.csproj", "{8C21B800-F96D-44F1-BEBA-6EE088796FA1}"
EndProject
Project("{2150E333-8FDC-42A3-9474-1A3956D46DE8}") = "FrontEndApp", "FrontEndApp", "{3766879F-7240-416D-A83B-8902C86444EA}"
EndProject
Project("{9A19103F-16F7-4668-BE54-9A1E7A4F7556}") = "Tri_Wall.Shared", "Tri_Wall.Shared\Tri_Wall.Shared.csproj", "{982D9ACC-3F71-4D08-87BC-7CEC90A623D6}"
EndProject
Project("{2150E333-8FDC-42A3-9474-1A3956D46DE8}") = "WebApp", "WebApp", "{B027D5AA-D092-4BB8-A8CE-A5B69C35D4DE}"
EndProject
Project("{9A19103F-16F7-4668-BE54-9A1E7A4F7556}") = "Tri_Wall.WebApp.Server", "Tri_Wall.WebApp.Server\Tri_Wall.WebApp.Server\Tri_Wall.WebApp.Server.csproj", "{F43B028A-82CA-4317-99C0-2990B7B7D29A}"
EndProject
Project("{9A19103F-16F7-4668-BE54-9A1E7A4F7556}") = "Tri_Wall.WebApp.Client", "Tri_Wall.WebApp.Server\Tri_Wall.WebApp.Server.Client\Tri_Wall.WebApp.Client.csproj", "{3EC131CE-8345-4612-B87F-B68E5EDF6816}"
EndProject
Project("{2150E333-8FDC-42A3-9474-1A3956D46DE8}") = "MobileApp", "MobileApp", "{A8B44FBF-C295-4FEB-9984-D81DDAE86A07}"
EndProject
Project("{9A19103F-16F7-4668-BE54-9A1E7A4F7556}") = "TriWallApp", "TriWallApp\TriWallApp.csproj", "{AA488F67-8A17-435F-AE84-B4B4AC00C7BC}"
EndProject
Project("{2150E333-8FDC-42A3-9474-1A3956D46DE8}") = "Shared", "Shared", "{7C452D42-4F3A-422B-84CD-8D6AC64FA509}"
EndProject
Project("{2150E333-8FDC-42A3-9474-1A3956D46DE8}") = "BackEndApp", "BackEndApp", "{5940487F-775B-4BE2-A648-69B15F11FEF1}"
EndProject
Global
	GlobalSection(SolutionConfigurationPlatforms) = preSolution
		Debug|Any CPU = Debug|Any CPU
		Release|Any CPU = Release|Any CPU
	EndGlobalSection
	GlobalSection(ProjectConfigurationPlatforms) = postSolution
		{DAD9BDB7-883E-4FC6-963A-E377D5BBA6E8}.Debug|Any CPU.ActiveCfg = Debug|Any CPU
		{DAD9BDB7-883E-4FC6-963A-E377D5BBA6E8}.Debug|Any CPU.Build.0 = Debug|Any CPU
		{DAD9BDB7-883E-4FC6-963A-E377D5BBA6E8}.Release|Any CPU.ActiveCfg = Release|Any CPU
		{DAD9BDB7-883E-4FC6-963A-E377D5BBA6E8}.Release|Any CPU.Build.0 = Release|Any CPU
		{A82042C7-707F-4726-B671-EAFF1FD8F191}.Debug|Any CPU.ActiveCfg = Debug|Any CPU
		{A82042C7-707F-4726-B671-EAFF1FD8F191}.Debug|Any CPU.Build.0 = Debug|Any CPU
		{A82042C7-707F-4726-B671-EAFF1FD8F191}.Release|Any CPU.ActiveCfg = Release|Any CPU
		{A82042C7-707F-4726-B671-EAFF1FD8F191}.Release|Any CPU.Build.0 = Release|Any CPU
		{12E997C7-8051-4236-967F-886D2D13AA67}.Debug|Any CPU.ActiveCfg = Debug|Any CPU
		{12E997C7-8051-4236-967F-886D2D13AA67}.Debug|Any CPU.Build.0 = Debug|Any CPU
		{12E997C7-8051-4236-967F-886D2D13AA67}.Release|Any CPU.ActiveCfg = Release|Any CPU
		{12E997C7-8051-4236-967F-886D2D13AA67}.Release|Any CPU.Build.0 = Release|Any CPU
		{AA4C920A-B887-4A2F-9C00-121B066B2F9E}.Debug|Any CPU.ActiveCfg = Debug|Any CPU
		{AA4C920A-B887-4A2F-9C00-121B066B2F9E}.Debug|Any CPU.Build.0 = Debug|Any CPU
		{AA4C920A-B887-4A2F-9C00-121B066B2F9E}.Release|Any CPU.ActiveCfg = Release|Any CPU
		{AA4C920A-B887-4A2F-9C00-121B066B2F9E}.Release|Any CPU.Build.0 = Release|Any CPU
		{8C21B800-F96D-44F1-BEBA-6EE088796FA1}.Debug|Any CPU.ActiveCfg = Debug|Any CPU
		{8C21B800-F96D-44F1-BEBA-6EE088796FA1}.Debug|Any CPU.Build.0 = Debug|Any CPU
		{8C21B800-F96D-44F1-BEBA-6EE088796FA1}.Release|Any CPU.ActiveCfg = Release|Any CPU
		{8C21B800-F96D-44F1-BEBA-6EE088796FA1}.Release|Any CPU.Build.0 = Release|Any CPU
		{982D9ACC-3F71-4D08-87BC-7CEC90A623D6}.Debug|Any CPU.ActiveCfg = Debug|Any CPU
		{982D9ACC-3F71-4D08-87BC-7CEC90A623D6}.Debug|Any CPU.Build.0 = Debug|Any CPU
		{982D9ACC-3F71-4D08-87BC-7CEC90A623D6}.Release|Any CPU.ActiveCfg = Release|Any CPU
		{982D9ACC-3F71-4D08-87BC-7CEC90A623D6}.Release|Any CPU.Build.0 = Release|Any CPU
		{F43B028A-82CA-4317-99C0-2990B7B7D29A}.Debug|Any CPU.ActiveCfg = Debug|Any CPU
		{F43B028A-82CA-4317-99C0-2990B7B7D29A}.Debug|Any CPU.Build.0 = Debug|Any CPU
		{F43B028A-82CA-4317-99C0-2990B7B7D29A}.Release|Any CPU.ActiveCfg = Release|Any CPU
		{F43B028A-82CA-4317-99C0-2990B7B7D29A}.Release|Any CPU.Build.0 = Release|Any CPU
		{3EC131CE-8345-4612-B87F-B68E5EDF6816}.Debug|Any CPU.ActiveCfg = Debug|Any CPU
		{3EC131CE-8345-4612-B87F-B68E5EDF6816}.Debug|Any CPU.Build.0 = Debug|Any CPU
		{3EC131CE-8345-4612-B87F-B68E5EDF6816}.Release|Any CPU.ActiveCfg = Release|Any CPU
		{3EC131CE-8345-4612-B87F-B68E5EDF6816}.Release|Any CPU.Build.0 = Release|Any CPU
		{AA488F67-8A17-435F-AE84-B4B4AC00C7BC}.Debug|Any CPU.ActiveCfg = Debug|Any CPU
		{AA488F67-8A17-435F-AE84-B4B4AC00C7BC}.Debug|Any CPU.Build.0 = Debug|Any CPU
		{AA488F67-8A17-435F-AE84-B4B4AC00C7BC}.Debug|Any CPU.Deploy.0 = Debug|Any CPU
		{AA488F67-8A17-435F-AE84-B4B4AC00C7BC}.Release|Any CPU.ActiveCfg = Release|Any CPU
		{AA488F67-8A17-435F-AE84-B4B4AC00C7BC}.Release|Any CPU.Build.0 = Release|Any CPU
		{AA488F67-8A17-435F-AE84-B4B4AC00C7BC}.Release|Any CPU.Deploy.0 = Release|Any CPU
	EndGlobalSection
	GlobalSection(SolutionProperties) = preSolution
		HideSolutionNode = FALSE
	EndGlobalSection
	GlobalSection(NestedProjects) = preSolution
		{DAD9BDB7-883E-4FC6-963A-E377D5BBA6E8} = {877F7FC4-2DE3-4EE7-A796-A0878B56069B}
		{877F7FC4-2DE3-4EE7-A796-A0878B56069B} = {5940487F-775B-4BE2-A648-69B15F11FEF1}
		{A82042C7-707F-4726-B671-EAFF1FD8F191} = {877F7FC4-2DE3-4EE7-A796-A0878B56069B}
		{12E997C7-8051-4236-967F-886D2D13AA67} = {877F7FC4-2DE3-4EE7-A796-A0878B56069B}
		{AA4C920A-B887-4A2F-9C00-121B066B2F9E} = {877F7FC4-2DE3-4EE7-A796-A0878B56069B}
		{8C21B800-F96D-44F1-BEBA-6EE088796FA1} = {877F7FC4-2DE3-4EE7-A796-A0878B56069B}
		{982D9ACC-3F71-4D08-87BC-7CEC90A623D6} = {7C452D42-4F3A-422B-84CD-8D6AC64FA509}
		{B027D5AA-D092-4BB8-A8CE-A5B69C35D4DE} = {3766879F-7240-416D-A83B-8902C86444EA}
		{F43B028A-82CA-4317-99C0-2990B7B7D29A} = {B027D5AA-D092-4BB8-A8CE-A5B69C35D4DE}
		{3EC131CE-8345-4612-B87F-B68E5EDF6816} = {B027D5AA-D092-4BB8-A8CE-A5B69C35D4DE}
		{A8B44FBF-C295-4FEB-9984-D81DDAE86A07} = {3766879F-7240-416D-A83B-8902C86444EA}
		{AA488F67-8A17-435F-AE84-B4B4AC00C7BC} = {A8B44FBF-C295-4FEB-9984-D81DDAE86A07}
		{7C452D42-4F3A-422B-84CD-8D6AC64FA509} = {3766879F-7240-416D-A83B-8902C86444EA}
	EndGlobalSection
	GlobalSection(ExtensibilityGlobals) = postSolution
		SolutionGuid = {CDE2C3B7-8256-4E7C-8718-081888F37065}
	EndGlobalSection
EndGlobal
